
Microsoft Visual Studio Solution File, Format Version 12.00
# Visual Studio Version 16
VisualStudioVersion = 16.0.31727.386
MinimumVisualStudioVersion = 10.0.40219.1
Project("{FAE04EC0-301F-11D3-BF4B-00C04F79EFBC}") = "Sistema_restaurante", "Sistema_restaurante\Sistema_restaurante.csproj", "{1F0ABD05-4F3B-46FE-A1CD-5A2D4515B5C3}"
EndProject
Global
	GlobalSection(SolutionConfigurationPlatforms) = preSolution
		Debug|Any CPU = Debug|Any CPU
		Release|Any CPU = Release|Any CPU
	EndGlobalSection
	GlobalSection(ProjectConfigurationPlatforms) = postSolution
		{1F0ABD05-4F3B-46FE-A1CD-5A2D4515B5C3}.Debug|Any CPU.ActiveCfg = Debug|Any CPU
		{1F0ABD05-4F3B-46FE-A1CD-5A2D4515B5C3}.Debug|Any CPU.Build.0 = Debug|Any CPU
		{1F0ABD05-4F3B-46FE-A1CD-5A2D4515B5C3}.Release|Any CPU.ActiveCfg = Release|Any CPU
		{1F0ABD05-4F3B-46FE-A1CD-5A2D4515B5C3}.Release|Any CPU.Build.0 = Release|Any CPU
	EndGlobalSection
	GlobalSection(SolutionProperties) = preSolution
		HideSolutionNode = FALSE
	EndGlobalSection
	GlobalSection(ExtensibilityGlobals) = postSolution
		SolutionGuid = {8F5BB74A-4ED2-4142-97B0-EEBC943326AC}
	EndGlobalSection
EndGlobal
